
Microsoft Visual Studio Solution File, Format Version 12.00
# Visual Studio Version 16
VisualStudioVersion = 16.0.29025.244
MinimumVisualStudioVersion = 15.0.26124.0
Project("{2150E333-8FDC-42A3-9474-1A3956D46DE8}") = ".paket", ".paket", "{E6F0FD47-D449-44A6-83A0-FDE7773E3945}"
	ProjectSection(SolutionItems) = preProject
		paket.dependencies = paket.dependencies
	EndProjectSection
EndProject
Project("{2150E333-8FDC-42A3-9474-1A3956D46DE8}") = "src", "src", "{8BE98B06-91C5-4948-B5AA-F80C67849031}"
EndProject
Project("{6EC3EE1D-3C4E-46DD-8F32-0CC8E7565705}") = "Bolero", "src\Bolero\Bolero.fsproj", "{97CF7319-42C6-4FCB-BFC9-D872D0E58309}"
EndProject
Project("{2150E333-8FDC-42A3-9474-1A3956D46DE8}") = "tests", "tests", "{7EB0C3D3-0BD4-4D72-8ACF-A30B71F7C8E8}"
EndProject
Project("{6EC3EE1D-3C4E-46DD-8F32-0CC8E7565705}") = "Client", "tests\Client\Client.fsproj", "{F873CC90-1EC6-467C-A396-808D593B05E3}"
EndProject
Project("{6EC3EE1D-3C4E-46DD-8F32-0CC8E7565705}") = "Server", "tests\Server\Server.fsproj", "{218DBE0B-66C5-4C90-9892-113F4B233E79}"
EndProject
Project("{9A19103F-16F7-4668-BE54-9A1E7A4F7556}") = "Bolero.Build", "src\Bolero.Build\Bolero.Build.csproj", "{930E2AD9-B712-4BA3-BEC5-E294A7446DF6}"
EndProject
Project("{6EC3EE1D-3C4E-46DD-8F32-0CC8E7565705}") = "Remoting.Server", "tests\Remoting.Server\Remoting.Server.fsproj", "{E38CA762-40D2-4ED5-A989-F67D87010503}"
EndProject
Project("{6EC3EE1D-3C4E-46DD-8F32-0CC8E7565705}") = "Remoting.Client", "tests\Remoting.Client\Remoting.Client.fsproj", "{2FE23B2C-3310-4783-8CCE-A8B44099DEFE}"
EndProject
Project("{6EC3EE1D-3C4E-46DD-8F32-0CC8E7565705}") = "Unit", "tests\Unit\Unit.fsproj", "{D3E139A8-A6FA-49A3-B982-BC57D1BB0B2B}"
EndProject
Project("{6EC3EE1D-3C4E-46DD-8F32-0CC8E7565705}") = "Bolero.Server", "src\Bolero.Server\Bolero.Server.fsproj", "{328CE686-3CB0-4AC7-9779-866ABE310DF6}"
EndProject
Project("{2150E333-8FDC-42A3-9474-1A3956D46DE8}") = "Solution Items", "Solution Items", "{B2AD96BA-4DC4-4C14-BB2A-BCBADD0E7527}"
	ProjectSection(SolutionItems) = preProject
		build.fsx = build.fsx
	EndProjectSection
EndProject
Project("{6EC3EE1D-3C4E-46DD-8F32-0CC8E7565705}") = "Bolero.Templating.Provider", "src\Bolero.Templating.Provider\Bolero.Templating.Provider.fsproj", "{770469C8-531A-4317-9BCE-DFF61E79B944}"
EndProject
Project("{6EC3EE1D-3C4E-46DD-8F32-0CC8E7565705}") = "Unit.Client", "tests\Unit.Client\Unit.Client.fsproj", "{61B550E1-6348-4A5E-BFB0-6A0220522EBF}"
EndProject
Project("{F2A71F9B-5D33-465A-A702-920D77279786}") = "Bolero.Html", "src\Bolero.Html\Bolero.Html.fsproj", "{47381EA9-6744-4BE8-9C78-E3BD22EA3B3D}"
EndProject
Project("{2150E333-8FDC-42A3-9474-1A3956D46DE8}") = "tpdummy", "tpdummy", "{749C778F-67DC-4CA8-BBCD-BF85AC1A58D7}"
EndProject
Project("{F2A71F9B-5D33-465A-A702-920D77279786}") = "Microsoft.AspNetCore.Components", "src\tpdummy\Microsoft.AspNetCore.Components\Microsoft.AspNetCore.Components.fsproj", "{F53D6249-BF99-4357-BD34-07E288A477E6}"
EndProject
Project("{F2A71F9B-5D33-465A-A702-920D77279786}") = "Microsoft.AspNetCore.Components.Web", "src\tpdummy\Microsoft.AspNetCore.Components.Web\Microsoft.AspNetCore.Components.Web.fsproj", "{032037D1-5E8A-4D6A-A634-AD6DEBE80516}"
EndProject
Global
	GlobalSection(SolutionConfigurationPlatforms) = preSolution
		Debug|Any CPU = Debug|Any CPU
		Debug|x64 = Debug|x64
		Debug|x86 = Debug|x86
		Release|Any CPU = Release|Any CPU
		Release|x64 = Release|x64
		Release|x86 = Release|x86
	EndGlobalSection
	GlobalSection(ProjectConfigurationPlatforms) = postSolution
		{97CF7319-42C6-4FCB-BFC9-D872D0E58309}.Debug|Any CPU.ActiveCfg = Debug|Any CPU
		{97CF7319-42C6-4FCB-BFC9-D872D0E58309}.Debug|Any CPU.Build.0 = Debug|Any CPU
		{97CF7319-42C6-4FCB-BFC9-D872D0E58309}.Debug|x64.ActiveCfg = Debug|Any CPU
		{97CF7319-42C6-4FCB-BFC9-D872D0E58309}.Debug|x64.Build.0 = Debug|Any CPU
		{97CF7319-42C6-4FCB-BFC9-D872D0E58309}.Debug|x86.ActiveCfg = Debug|Any CPU
		{97CF7319-42C6-4FCB-BFC9-D872D0E58309}.Debug|x86.Build.0 = Debug|Any CPU
		{97CF7319-42C6-4FCB-BFC9-D872D0E58309}.Release|Any CPU.ActiveCfg = Release|Any CPU
		{97CF7319-42C6-4FCB-BFC9-D872D0E58309}.Release|Any CPU.Build.0 = Release|Any CPU
		{97CF7319-42C6-4FCB-BFC9-D872D0E58309}.Release|x64.ActiveCfg = Release|Any CPU
		{97CF7319-42C6-4FCB-BFC9-D872D0E58309}.Release|x64.Build.0 = Release|Any CPU
		{97CF7319-42C6-4FCB-BFC9-D872D0E58309}.Release|x86.ActiveCfg = Release|Any CPU
		{97CF7319-42C6-4FCB-BFC9-D872D0E58309}.Release|x86.Build.0 = Release|Any CPU
		{F873CC90-1EC6-467C-A396-808D593B05E3}.Debug|Any CPU.ActiveCfg = Debug|Any CPU
		{F873CC90-1EC6-467C-A396-808D593B05E3}.Debug|Any CPU.Build.0 = Debug|Any CPU
		{F873CC90-1EC6-467C-A396-808D593B05E3}.Debug|x64.ActiveCfg = Debug|Any CPU
		{F873CC90-1EC6-467C-A396-808D593B05E3}.Debug|x64.Build.0 = Debug|Any CPU
		{F873CC90-1EC6-467C-A396-808D593B05E3}.Debug|x86.ActiveCfg = Debug|Any CPU
		{F873CC90-1EC6-467C-A396-808D593B05E3}.Debug|x86.Build.0 = Debug|Any CPU
		{F873CC90-1EC6-467C-A396-808D593B05E3}.Release|Any CPU.ActiveCfg = Release|Any CPU
		{F873CC90-1EC6-467C-A396-808D593B05E3}.Release|Any CPU.Build.0 = Release|Any CPU
		{F873CC90-1EC6-467C-A396-808D593B05E3}.Release|x64.ActiveCfg = Release|Any CPU
		{F873CC90-1EC6-467C-A396-808D593B05E3}.Release|x64.Build.0 = Release|Any CPU
		{F873CC90-1EC6-467C-A396-808D593B05E3}.Release|x86.ActiveCfg = Release|Any CPU
		{F873CC90-1EC6-467C-A396-808D593B05E3}.Release|x86.Build.0 = Release|Any CPU
		{218DBE0B-66C5-4C90-9892-113F4B233E79}.Debug|Any CPU.ActiveCfg = Debug|Any CPU
		{218DBE0B-66C5-4C90-9892-113F4B233E79}.Debug|Any CPU.Build.0 = Debug|Any CPU
		{218DBE0B-66C5-4C90-9892-113F4B233E79}.Debug|x64.ActiveCfg = Debug|Any CPU
		{218DBE0B-66C5-4C90-9892-113F4B233E79}.Debug|x64.Build.0 = Debug|Any CPU
		{218DBE0B-66C5-4C90-9892-113F4B233E79}.Debug|x86.ActiveCfg = Debug|Any CPU
		{218DBE0B-66C5-4C90-9892-113F4B233E79}.Debug|x86.Build.0 = Debug|Any CPU
		{218DBE0B-66C5-4C90-9892-113F4B233E79}.Release|Any CPU.ActiveCfg = Release|Any CPU
		{218DBE0B-66C5-4C90-9892-113F4B233E79}.Release|Any CPU.Build.0 = Release|Any CPU
		{218DBE0B-66C5-4C90-9892-113F4B233E79}.Release|x64.ActiveCfg = Release|Any CPU
		{218DBE0B-66C5-4C90-9892-113F4B233E79}.Release|x64.Build.0 = Release|Any CPU
		{218DBE0B-66C5-4C90-9892-113F4B233E79}.Release|x86.ActiveCfg = Release|Any CPU
		{218DBE0B-66C5-4C90-9892-113F4B233E79}.Release|x86.Build.0 = Release|Any CPU
		{930E2AD9-B712-4BA3-BEC5-E294A7446DF6}.Debug|Any CPU.ActiveCfg = Debug|Any CPU
		{930E2AD9-B712-4BA3-BEC5-E294A7446DF6}.Debug|Any CPU.Build.0 = Debug|Any CPU
		{930E2AD9-B712-4BA3-BEC5-E294A7446DF6}.Debug|x64.ActiveCfg = Debug|Any CPU
		{930E2AD9-B712-4BA3-BEC5-E294A7446DF6}.Debug|x64.Build.0 = Debug|Any CPU
		{930E2AD9-B712-4BA3-BEC5-E294A7446DF6}.Debug|x86.ActiveCfg = Debug|Any CPU
		{930E2AD9-B712-4BA3-BEC5-E294A7446DF6}.Debug|x86.Build.0 = Debug|Any CPU
		{930E2AD9-B712-4BA3-BEC5-E294A7446DF6}.Release|Any CPU.ActiveCfg = Release|Any CPU
		{930E2AD9-B712-4BA3-BEC5-E294A7446DF6}.Release|Any CPU.Build.0 = Release|Any CPU
		{930E2AD9-B712-4BA3-BEC5-E294A7446DF6}.Release|x64.ActiveCfg = Release|Any CPU
		{930E2AD9-B712-4BA3-BEC5-E294A7446DF6}.Release|x64.Build.0 = Release|Any CPU
		{930E2AD9-B712-4BA3-BEC5-E294A7446DF6}.Release|x86.ActiveCfg = Release|Any CPU
		{930E2AD9-B712-4BA3-BEC5-E294A7446DF6}.Release|x86.Build.0 = Release|Any CPU
		{E38CA762-40D2-4ED5-A989-F67D87010503}.Debug|Any CPU.ActiveCfg = Debug|Any CPU
		{E38CA762-40D2-4ED5-A989-F67D87010503}.Debug|Any CPU.Build.0 = Debug|Any CPU
		{E38CA762-40D2-4ED5-A989-F67D87010503}.Debug|x64.ActiveCfg = Debug|Any CPU
		{E38CA762-40D2-4ED5-A989-F67D87010503}.Debug|x64.Build.0 = Debug|Any CPU
		{E38CA762-40D2-4ED5-A989-F67D87010503}.Debug|x86.ActiveCfg = Debug|Any CPU
		{E38CA762-40D2-4ED5-A989-F67D87010503}.Debug|x86.Build.0 = Debug|Any CPU
		{E38CA762-40D2-4ED5-A989-F67D87010503}.Release|Any CPU.ActiveCfg = Release|Any CPU
		{E38CA762-40D2-4ED5-A989-F67D87010503}.Release|Any CPU.Build.0 = Release|Any CPU
		{E38CA762-40D2-4ED5-A989-F67D87010503}.Release|x64.ActiveCfg = Release|Any CPU
		{E38CA762-40D2-4ED5-A989-F67D87010503}.Release|x64.Build.0 = Release|Any CPU
		{E38CA762-40D2-4ED5-A989-F67D87010503}.Release|x86.ActiveCfg = Release|Any CPU
		{E38CA762-40D2-4ED5-A989-F67D87010503}.Release|x86.Build.0 = Release|Any CPU
		{2FE23B2C-3310-4783-8CCE-A8B44099DEFE}.Debug|Any CPU.ActiveCfg = Debug|Any CPU
		{2FE23B2C-3310-4783-8CCE-A8B44099DEFE}.Debug|Any CPU.Build.0 = Debug|Any CPU
		{2FE23B2C-3310-4783-8CCE-A8B44099DEFE}.Debug|x64.ActiveCfg = Debug|Any CPU
		{2FE23B2C-3310-4783-8CCE-A8B44099DEFE}.Debug|x64.Build.0 = Debug|Any CPU
		{2FE23B2C-3310-4783-8CCE-A8B44099DEFE}.Debug|x86.ActiveCfg = Debug|Any CPU
		{2FE23B2C-3310-4783-8CCE-A8B44099DEFE}.Debug|x86.Build.0 = Debug|Any CPU
		{2FE23B2C-3310-4783-8CCE-A8B44099DEFE}.Release|Any CPU.ActiveCfg = Release|Any CPU
		{2FE23B2C-3310-4783-8CCE-A8B44099DEFE}.Release|Any CPU.Build.0 = Release|Any CPU
		{2FE23B2C-3310-4783-8CCE-A8B44099DEFE}.Release|x64.ActiveCfg = Release|Any CPU
		{2FE23B2C-3310-4783-8CCE-A8B44099DEFE}.Release|x64.Build.0 = Release|Any CPU
		{2FE23B2C-3310-4783-8CCE-A8B44099DEFE}.Release|x86.ActiveCfg = Release|Any CPU
		{2FE23B2C-3310-4783-8CCE-A8B44099DEFE}.Release|x86.Build.0 = Release|Any CPU
		{D3E139A8-A6FA-49A3-B982-BC57D1BB0B2B}.Debug|Any CPU.ActiveCfg = Debug|Any CPU
		{D3E139A8-A6FA-49A3-B982-BC57D1BB0B2B}.Debug|Any CPU.Build.0 = Debug|Any CPU
		{D3E139A8-A6FA-49A3-B982-BC57D1BB0B2B}.Debug|x64.ActiveCfg = Debug|Any CPU
		{D3E139A8-A6FA-49A3-B982-BC57D1BB0B2B}.Debug|x64.Build.0 = Debug|Any CPU
		{D3E139A8-A6FA-49A3-B982-BC57D1BB0B2B}.Debug|x86.ActiveCfg = Debug|Any CPU
		{D3E139A8-A6FA-49A3-B982-BC57D1BB0B2B}.Debug|x86.Build.0 = Debug|Any CPU
		{D3E139A8-A6FA-49A3-B982-BC57D1BB0B2B}.Release|Any CPU.ActiveCfg = Release|Any CPU
		{D3E139A8-A6FA-49A3-B982-BC57D1BB0B2B}.Release|Any CPU.Build.0 = Release|Any CPU
		{D3E139A8-A6FA-49A3-B982-BC57D1BB0B2B}.Release|x64.ActiveCfg = Release|Any CPU
		{D3E139A8-A6FA-49A3-B982-BC57D1BB0B2B}.Release|x64.Build.0 = Release|Any CPU
		{D3E139A8-A6FA-49A3-B982-BC57D1BB0B2B}.Release|x86.ActiveCfg = Release|Any CPU
		{D3E139A8-A6FA-49A3-B982-BC57D1BB0B2B}.Release|x86.Build.0 = Release|Any CPU
		{328CE686-3CB0-4AC7-9779-866ABE310DF6}.Debug|Any CPU.ActiveCfg = Debug|Any CPU
		{328CE686-3CB0-4AC7-9779-866ABE310DF6}.Debug|Any CPU.Build.0 = Debug|Any CPU
		{328CE686-3CB0-4AC7-9779-866ABE310DF6}.Debug|x64.ActiveCfg = Debug|Any CPU
		{328CE686-3CB0-4AC7-9779-866ABE310DF6}.Debug|x64.Build.0 = Debug|Any CPU
		{328CE686-3CB0-4AC7-9779-866ABE310DF6}.Debug|x86.ActiveCfg = Debug|Any CPU
		{328CE686-3CB0-4AC7-9779-866ABE310DF6}.Debug|x86.Build.0 = Debug|Any CPU
		{328CE686-3CB0-4AC7-9779-866ABE310DF6}.Release|Any CPU.ActiveCfg = Release|Any CPU
		{328CE686-3CB0-4AC7-9779-866ABE310DF6}.Release|Any CPU.Build.0 = Release|Any CPU
		{328CE686-3CB0-4AC7-9779-866ABE310DF6}.Release|x64.ActiveCfg = Release|Any CPU
		{328CE686-3CB0-4AC7-9779-866ABE310DF6}.Release|x64.Build.0 = Release|Any CPU
		{328CE686-3CB0-4AC7-9779-866ABE310DF6}.Release|x86.ActiveCfg = Release|Any CPU
		{328CE686-3CB0-4AC7-9779-866ABE310DF6}.Release|x86.Build.0 = Release|Any CPU
		{770469C8-531A-4317-9BCE-DFF61E79B944}.Debug|Any CPU.ActiveCfg = Debug|Any CPU
		{770469C8-531A-4317-9BCE-DFF61E79B944}.Debug|Any CPU.Build.0 = Debug|Any CPU
		{770469C8-531A-4317-9BCE-DFF61E79B944}.Debug|x64.ActiveCfg = Debug|Any CPU
		{770469C8-531A-4317-9BCE-DFF61E79B944}.Debug|x64.Build.0 = Debug|Any CPU
		{770469C8-531A-4317-9BCE-DFF61E79B944}.Debug|x86.ActiveCfg = Debug|Any CPU
		{770469C8-531A-4317-9BCE-DFF61E79B944}.Debug|x86.Build.0 = Debug|Any CPU
		{770469C8-531A-4317-9BCE-DFF61E79B944}.Release|Any CPU.ActiveCfg = Release|Any CPU
		{770469C8-531A-4317-9BCE-DFF61E79B944}.Release|Any CPU.Build.0 = Release|Any CPU
		{770469C8-531A-4317-9BCE-DFF61E79B944}.Release|x64.ActiveCfg = Release|Any CPU
		{770469C8-531A-4317-9BCE-DFF61E79B944}.Release|x64.Build.0 = Release|Any CPU
		{770469C8-531A-4317-9BCE-DFF61E79B944}.Release|x86.ActiveCfg = Release|Any CPU
		{770469C8-531A-4317-9BCE-DFF61E79B944}.Release|x86.Build.0 = Release|Any CPU
		{61B550E1-6348-4A5E-BFB0-6A0220522EBF}.Debug|Any CPU.ActiveCfg = Debug|Any CPU
		{61B550E1-6348-4A5E-BFB0-6A0220522EBF}.Debug|Any CPU.Build.0 = Debug|Any CPU
		{61B550E1-6348-4A5E-BFB0-6A0220522EBF}.Debug|x64.ActiveCfg = Debug|Any CPU
		{61B550E1-6348-4A5E-BFB0-6A0220522EBF}.Debug|x64.Build.0 = Debug|Any CPU
		{61B550E1-6348-4A5E-BFB0-6A0220522EBF}.Debug|x86.ActiveCfg = Debug|Any CPU
		{61B550E1-6348-4A5E-BFB0-6A0220522EBF}.Debug|x86.Build.0 = Debug|Any CPU
		{61B550E1-6348-4A5E-BFB0-6A0220522EBF}.Release|Any CPU.ActiveCfg = Release|Any CPU
		{61B550E1-6348-4A5E-BFB0-6A0220522EBF}.Release|Any CPU.Build.0 = Release|Any CPU
		{61B550E1-6348-4A5E-BFB0-6A0220522EBF}.Release|x64.ActiveCfg = Release|Any CPU
		{61B550E1-6348-4A5E-BFB0-6A0220522EBF}.Release|x64.Build.0 = Release|Any CPU
		{61B550E1-6348-4A5E-BFB0-6A0220522EBF}.Release|x86.ActiveCfg = Release|Any CPU
		{61B550E1-6348-4A5E-BFB0-6A0220522EBF}.Release|x86.Build.0 = Release|Any CPU
		{47381EA9-6744-4BE8-9C78-E3BD22EA3B3D}.Debug|Any CPU.ActiveCfg = Debug|Any CPU
		{47381EA9-6744-4BE8-9C78-E3BD22EA3B3D}.Debug|Any CPU.Build.0 = Debug|Any CPU
		{47381EA9-6744-4BE8-9C78-E3BD22EA3B3D}.Debug|x64.ActiveCfg = Debug|Any CPU
		{47381EA9-6744-4BE8-9C78-E3BD22EA3B3D}.Debug|x64.Build.0 = Debug|Any CPU
		{47381EA9-6744-4BE8-9C78-E3BD22EA3B3D}.Debug|x86.ActiveCfg = Debug|Any CPU
		{47381EA9-6744-4BE8-9C78-E3BD22EA3B3D}.Debug|x86.Build.0 = Debug|Any CPU
		{47381EA9-6744-4BE8-9C78-E3BD22EA3B3D}.Release|Any CPU.ActiveCfg = Release|Any CPU
		{47381EA9-6744-4BE8-9C78-E3BD22EA3B3D}.Release|Any CPU.Build.0 = Release|Any CPU
		{47381EA9-6744-4BE8-9C78-E3BD22EA3B3D}.Release|x64.ActiveCfg = Release|Any CPU
		{47381EA9-6744-4BE8-9C78-E3BD22EA3B3D}.Release|x64.Build.0 = Release|Any CPU
		{47381EA9-6744-4BE8-9C78-E3BD22EA3B3D}.Release|x86.ActiveCfg = Release|Any CPU
		{47381EA9-6744-4BE8-9C78-E3BD22EA3B3D}.Release|x86.Build.0 = Release|Any CPU
		{F53D6249-BF99-4357-BD34-07E288A477E6}.Debug|Any CPU.ActiveCfg = Debug|Any CPU
		{F53D6249-BF99-4357-BD34-07E288A477E6}.Debug|Any CPU.Build.0 = Debug|Any CPU
		{F53D6249-BF99-4357-BD34-07E288A477E6}.Debug|x64.ActiveCfg = Debug|Any CPU
		{F53D6249-BF99-4357-BD34-07E288A477E6}.Debug|x64.Build.0 = Debug|Any CPU
		{F53D6249-BF99-4357-BD34-07E288A477E6}.Debug|x86.ActiveCfg = Debug|Any CPU
		{F53D6249-BF99-4357-BD34-07E288A477E6}.Debug|x86.Build.0 = Debug|Any CPU
		{F53D6249-BF99-4357-BD34-07E288A477E6}.Release|Any CPU.ActiveCfg = Release|Any CPU
		{F53D6249-BF99-4357-BD34-07E288A477E6}.Release|Any CPU.Build.0 = Release|Any CPU
		{F53D6249-BF99-4357-BD34-07E288A477E6}.Release|x64.ActiveCfg = Release|Any CPU
		{F53D6249-BF99-4357-BD34-07E288A477E6}.Release|x64.Build.0 = Release|Any CPU
		{F53D6249-BF99-4357-BD34-07E288A477E6}.Release|x86.ActiveCfg = Release|Any CPU
		{F53D6249-BF99-4357-BD34-07E288A477E6}.Release|x86.Build.0 = Release|Any CPU
		{032037D1-5E8A-4D6A-A634-AD6DEBE80516}.Debug|Any CPU.ActiveCfg = Debug|Any CPU
		{032037D1-5E8A-4D6A-A634-AD6DEBE80516}.Debug|Any CPU.Build.0 = Debug|Any CPU
		{032037D1-5E8A-4D6A-A634-AD6DEBE80516}.Debug|x64.ActiveCfg = Debug|Any CPU
		{032037D1-5E8A-4D6A-A634-AD6DEBE80516}.Debug|x64.Build.0 = Debug|Any CPU
		{032037D1-5E8A-4D6A-A634-AD6DEBE80516}.Debug|x86.ActiveCfg = Debug|Any CPU
		{032037D1-5E8A-4D6A-A634-AD6DEBE80516}.Debug|x86.Build.0 = Debug|Any CPU
		{032037D1-5E8A-4D6A-A634-AD6DEBE80516}.Release|Any CPU.ActiveCfg = Release|Any CPU
		{032037D1-5E8A-4D6A-A634-AD6DEBE80516}.Release|Any CPU.Build.0 = Release|Any CPU
		{032037D1-5E8A-4D6A-A634-AD6DEBE80516}.Release|x64.ActiveCfg = Release|Any CPU
		{032037D1-5E8A-4D6A-A634-AD6DEBE80516}.Release|x64.Build.0 = Release|Any CPU
		{032037D1-5E8A-4D6A-A634-AD6DEBE80516}.Release|x86.ActiveCfg = Release|Any CPU
		{032037D1-5E8A-4D6A-A634-AD6DEBE80516}.Release|x86.Build.0 = Release|Any CPU
	EndGlobalSection
	GlobalSection(SolutionProperties) = preSolution
		HideSolutionNode = FALSE
	EndGlobalSection
	GlobalSection(NestedProjects) = preSolution
		{97CF7319-42C6-4FCB-BFC9-D872D0E58309} = {8BE98B06-91C5-4948-B5AA-F80C67849031}
		{F873CC90-1EC6-467C-A396-808D593B05E3} = {7EB0C3D3-0BD4-4D72-8ACF-A30B71F7C8E8}
		{218DBE0B-66C5-4C90-9892-113F4B233E79} = {7EB0C3D3-0BD4-4D72-8ACF-A30B71F7C8E8}
		{930E2AD9-B712-4BA3-BEC5-E294A7446DF6} = {8BE98B06-91C5-4948-B5AA-F80C67849031}
		{E38CA762-40D2-4ED5-A989-F67D87010503} = {7EB0C3D3-0BD4-4D72-8ACF-A30B71F7C8E8}
		{2FE23B2C-3310-4783-8CCE-A8B44099DEFE} = {7EB0C3D3-0BD4-4D72-8ACF-A30B71F7C8E8}
		{D3E139A8-A6FA-49A3-B982-BC57D1BB0B2B} = {7EB0C3D3-0BD4-4D72-8ACF-A30B71F7C8E8}
		{328CE686-3CB0-4AC7-9779-866ABE310DF6} = {8BE98B06-91C5-4948-B5AA-F80C67849031}
		{770469C8-531A-4317-9BCE-DFF61E79B944} = {8BE98B06-91C5-4948-B5AA-F80C67849031}
		{61B550E1-6348-4A5E-BFB0-6A0220522EBF} = {7EB0C3D3-0BD4-4D72-8ACF-A30B71F7C8E8}
		{47381EA9-6744-4BE8-9C78-E3BD22EA3B3D} = {8BE98B06-91C5-4948-B5AA-F80C67849031}
		{749C778F-67DC-4CA8-BBCD-BF85AC1A58D7} = {8BE98B06-91C5-4948-B5AA-F80C67849031}
		{F53D6249-BF99-4357-BD34-07E288A477E6} = {749C778F-67DC-4CA8-BBCD-BF85AC1A58D7}
		{032037D1-5E8A-4D6A-A634-AD6DEBE80516} = {749C778F-67DC-4CA8-BBCD-BF85AC1A58D7}
	EndGlobalSection
	GlobalSection(ExtensibilityGlobals) = postSolution
		SolutionGuid = {5493A436-6524-48E0-874D-CD70C1615AAF}
	EndGlobalSection
EndGlobal
