
Microsoft Visual Studio Solution File, Format Version 12.00
# Visual Studio 15
VisualStudioVersion = 15.0.26124.0
MinimumVisualStudioVersion = 15.0.26124.0
Project("{2150E333-8FDC-42A3-9474-1A3956D46DE8}") = ".paket", ".paket", "{F4240B7F-AB75-4130-A777-266DB2A13A35}"
	ProjectSection(SolutionItems) = preProject
		paket.dependencies = paket.dependencies
	EndProjectSection
EndProject
Project("{2150E333-8FDC-42A3-9474-1A3956D46DE8}") = "src", "src", "{543990D6-AD25-4617-8ED9-D2D9DC5AA183}"
EndProject
Project("{F2A71F9B-5D33-465A-A702-920D77279786}") = "MiniBlazor", "src\miniblazor\MiniBlazor.fsproj", "{5B1039AC-2BAB-4921-9AC1-B151443AC0A1}"
EndProject
Project("{2150E333-8FDC-42A3-9474-1A3956D46DE8}") = "tests", "tests", "{F74D6177-CBD9-4659-9A14-430B20DF5960}"
EndProject
Project("{F2A71F9B-5D33-465A-A702-920D77279786}") = "Client", "tests\client\Client.fsproj", "{8947BCE1-8252-4E26-8637-2D57D4DB01BA}"
EndProject
Global
	GlobalSection(SolutionConfigurationPlatforms) = preSolution
		Debug|Any CPU = Debug|Any CPU
		Debug|x64 = Debug|x64
		Debug|x86 = Debug|x86
		Release|Any CPU = Release|Any CPU
		Release|x64 = Release|x64
		Release|x86 = Release|x86
	EndGlobalSection
	GlobalSection(SolutionProperties) = preSolution
		HideSolutionNode = FALSE
	EndGlobalSection
	GlobalSection(ProjectConfigurationPlatforms) = postSolution
		{5B1039AC-2BAB-4921-9AC1-B151443AC0A1}.Debug|Any CPU.ActiveCfg = Debug|Any CPU
		{5B1039AC-2BAB-4921-9AC1-B151443AC0A1}.Debug|Any CPU.Build.0 = Debug|Any CPU
		{5B1039AC-2BAB-4921-9AC1-B151443AC0A1}.Debug|x64.ActiveCfg = Debug|Any CPU
		{5B1039AC-2BAB-4921-9AC1-B151443AC0A1}.Debug|x64.Build.0 = Debug|Any CPU
		{5B1039AC-2BAB-4921-9AC1-B151443AC0A1}.Debug|x86.ActiveCfg = Debug|Any CPU
		{5B1039AC-2BAB-4921-9AC1-B151443AC0A1}.Debug|x86.Build.0 = Debug|Any CPU
		{5B1039AC-2BAB-4921-9AC1-B151443AC0A1}.Release|Any CPU.ActiveCfg = Release|Any CPU
		{5B1039AC-2BAB-4921-9AC1-B151443AC0A1}.Release|Any CPU.Build.0 = Release|Any CPU
		{5B1039AC-2BAB-4921-9AC1-B151443AC0A1}.Release|x64.ActiveCfg = Release|Any CPU
		{5B1039AC-2BAB-4921-9AC1-B151443AC0A1}.Release|x64.Build.0 = Release|Any CPU
		{5B1039AC-2BAB-4921-9AC1-B151443AC0A1}.Release|x86.ActiveCfg = Release|Any CPU
		{5B1039AC-2BAB-4921-9AC1-B151443AC0A1}.Release|x86.Build.0 = Release|Any CPU
		{8947BCE1-8252-4E26-8637-2D57D4DB01BA}.Debug|Any CPU.ActiveCfg = Debug|Any CPU
		{8947BCE1-8252-4E26-8637-2D57D4DB01BA}.Debug|Any CPU.Build.0 = Debug|Any CPU
		{8947BCE1-8252-4E26-8637-2D57D4DB01BA}.Debug|x64.ActiveCfg = Debug|Any CPU
		{8947BCE1-8252-4E26-8637-2D57D4DB01BA}.Debug|x64.Build.0 = Debug|Any CPU
		{8947BCE1-8252-4E26-8637-2D57D4DB01BA}.Debug|x86.ActiveCfg = Debug|Any CPU
		{8947BCE1-8252-4E26-8637-2D57D4DB01BA}.Debug|x86.Build.0 = Debug|Any CPU
		{8947BCE1-8252-4E26-8637-2D57D4DB01BA}.Release|Any CPU.ActiveCfg = Release|Any CPU
		{8947BCE1-8252-4E26-8637-2D57D4DB01BA}.Release|Any CPU.Build.0 = Release|Any CPU
		{8947BCE1-8252-4E26-8637-2D57D4DB01BA}.Release|x64.ActiveCfg = Release|Any CPU
		{8947BCE1-8252-4E26-8637-2D57D4DB01BA}.Release|x64.Build.0 = Release|Any CPU
		{8947BCE1-8252-4E26-8637-2D57D4DB01BA}.Release|x86.ActiveCfg = Release|Any CPU
		{8947BCE1-8252-4E26-8637-2D57D4DB01BA}.Release|x86.Build.0 = Release|Any CPU
	EndGlobalSection
	GlobalSection(NestedProjects) = preSolution
		{5B1039AC-2BAB-4921-9AC1-B151443AC0A1} = {543990D6-AD25-4617-8ED9-D2D9DC5AA183}
		{8947BCE1-8252-4E26-8637-2D57D4DB01BA} = {F74D6177-CBD9-4659-9A14-430B20DF5960}
	EndGlobalSection
EndGlobal
