
Microsoft Visual Studio Solution File, Format Version 12.00
# Visual Studio 15
VisualStudioVersion = 15.0.26124.0
MinimumVisualStudioVersion = 15.0.26124.0
Project("{2150E333-8FDC-42A3-9474-1A3956D46DE8}") = ".paket", ".paket", "{F4240B7F-AB75-4130-A777-266DB2A13A35}"
	ProjectSection(SolutionItems) = preProject
		paket.dependencies = paket.dependencies
	EndProjectSection
EndProject
Project("{2150E333-8FDC-42A3-9474-1A3956D46DE8}") = "src", "src", "{67E053F3-2643-4C2B-84FF-8CBD4F335BE8}"
EndProject
Project("{F2A71F9B-5D33-465A-A702-920D77279786}") = "miniblazor", "src\miniblazor\miniblazor.fsproj", "{7B8BD0C9-5D78-4B6E-962A-FD403F283F82}"
EndProject
Project("{2150E333-8FDC-42A3-9474-1A3956D46DE8}") = "tests", "tests", "{F74D6177-CBD9-4659-9A14-430B20DF5960}"
EndProject
Project("{F2A71F9B-5D33-465A-A702-920D77279786}") = "client", "tests\client\client.fsproj", "{B21F5743-89E5-40C5-A075-131CBE09B8F5}"
EndProject
Project("{F2A71F9B-5D33-465A-A702-920D77279786}") = "server", "tests\server\server.fsproj", "{1BCECB62-E447-45CB-AE2F-9C56250B6288}"
EndProject
Global
	GlobalSection(SolutionConfigurationPlatforms) = preSolution
		Debug|Any CPU = Debug|Any CPU
		Debug|x64 = Debug|x64
		Debug|x86 = Debug|x86
		Release|Any CPU = Release|Any CPU
		Release|x64 = Release|x64
		Release|x86 = Release|x86
	EndGlobalSection
	GlobalSection(SolutionProperties) = preSolution
		HideSolutionNode = FALSE
	EndGlobalSection
	GlobalSection(ProjectConfigurationPlatforms) = postSolution
		{1BCECB62-E447-45CB-AE2F-9C56250B6288}.Debug|Any CPU.ActiveCfg = Debug|Any CPU
		{1BCECB62-E447-45CB-AE2F-9C56250B6288}.Debug|Any CPU.Build.0 = Debug|Any CPU
		{1BCECB62-E447-45CB-AE2F-9C56250B6288}.Debug|x64.ActiveCfg = Debug|Any CPU
		{1BCECB62-E447-45CB-AE2F-9C56250B6288}.Debug|x64.Build.0 = Debug|Any CPU
		{1BCECB62-E447-45CB-AE2F-9C56250B6288}.Debug|x86.ActiveCfg = Debug|Any CPU
		{1BCECB62-E447-45CB-AE2F-9C56250B6288}.Debug|x86.Build.0 = Debug|Any CPU
		{1BCECB62-E447-45CB-AE2F-9C56250B6288}.Release|Any CPU.ActiveCfg = Release|Any CPU
		{1BCECB62-E447-45CB-AE2F-9C56250B6288}.Release|Any CPU.Build.0 = Release|Any CPU
		{1BCECB62-E447-45CB-AE2F-9C56250B6288}.Release|x64.ActiveCfg = Release|Any CPU
		{1BCECB62-E447-45CB-AE2F-9C56250B6288}.Release|x64.Build.0 = Release|Any CPU
		{1BCECB62-E447-45CB-AE2F-9C56250B6288}.Release|x86.ActiveCfg = Release|Any CPU
		{1BCECB62-E447-45CB-AE2F-9C56250B6288}.Release|x86.Build.0 = Release|Any CPU
		{B21F5743-89E5-40C5-A075-131CBE09B8F5}.Debug|Any CPU.ActiveCfg = Debug|Any CPU
		{B21F5743-89E5-40C5-A075-131CBE09B8F5}.Debug|Any CPU.Build.0 = Debug|Any CPU
		{B21F5743-89E5-40C5-A075-131CBE09B8F5}.Debug|x64.ActiveCfg = Debug|Any CPU
		{B21F5743-89E5-40C5-A075-131CBE09B8F5}.Debug|x64.Build.0 = Debug|Any CPU
		{B21F5743-89E5-40C5-A075-131CBE09B8F5}.Debug|x86.ActiveCfg = Debug|Any CPU
		{B21F5743-89E5-40C5-A075-131CBE09B8F5}.Debug|x86.Build.0 = Debug|Any CPU
		{B21F5743-89E5-40C5-A075-131CBE09B8F5}.Release|Any CPU.ActiveCfg = Release|Any CPU
		{B21F5743-89E5-40C5-A075-131CBE09B8F5}.Release|Any CPU.Build.0 = Release|Any CPU
		{B21F5743-89E5-40C5-A075-131CBE09B8F5}.Release|x64.ActiveCfg = Release|Any CPU
		{B21F5743-89E5-40C5-A075-131CBE09B8F5}.Release|x64.Build.0 = Release|Any CPU
		{B21F5743-89E5-40C5-A075-131CBE09B8F5}.Release|x86.ActiveCfg = Release|Any CPU
		{B21F5743-89E5-40C5-A075-131CBE09B8F5}.Release|x86.Build.0 = Release|Any CPU
		{7B8BD0C9-5D78-4B6E-962A-FD403F283F82}.Debug|Any CPU.ActiveCfg = Debug|Any CPU
		{7B8BD0C9-5D78-4B6E-962A-FD403F283F82}.Debug|Any CPU.Build.0 = Debug|Any CPU
		{7B8BD0C9-5D78-4B6E-962A-FD403F283F82}.Debug|x64.ActiveCfg = Debug|Any CPU
		{7B8BD0C9-5D78-4B6E-962A-FD403F283F82}.Debug|x64.Build.0 = Debug|Any CPU
		{7B8BD0C9-5D78-4B6E-962A-FD403F283F82}.Debug|x86.ActiveCfg = Debug|Any CPU
		{7B8BD0C9-5D78-4B6E-962A-FD403F283F82}.Debug|x86.Build.0 = Debug|Any CPU
		{7B8BD0C9-5D78-4B6E-962A-FD403F283F82}.Release|Any CPU.ActiveCfg = Release|Any CPU
		{7B8BD0C9-5D78-4B6E-962A-FD403F283F82}.Release|Any CPU.Build.0 = Release|Any CPU
		{7B8BD0C9-5D78-4B6E-962A-FD403F283F82}.Release|x64.ActiveCfg = Release|Any CPU
		{7B8BD0C9-5D78-4B6E-962A-FD403F283F82}.Release|x64.Build.0 = Release|Any CPU
		{7B8BD0C9-5D78-4B6E-962A-FD403F283F82}.Release|x86.ActiveCfg = Release|Any CPU
		{7B8BD0C9-5D78-4B6E-962A-FD403F283F82}.Release|x86.Build.0 = Release|Any CPU
	EndGlobalSection
	GlobalSection(NestedProjects) = preSolution
		{1BCECB62-E447-45CB-AE2F-9C56250B6288} = {F74D6177-CBD9-4659-9A14-430B20DF5960}
		{B21F5743-89E5-40C5-A075-131CBE09B8F5} = {F74D6177-CBD9-4659-9A14-430B20DF5960}
		{7B8BD0C9-5D78-4B6E-962A-FD403F283F82} = {67E053F3-2643-4C2B-84FF-8CBD4F335BE8}
	EndGlobalSection
EndGlobal
